
Microsoft Visual Studio Solution File, Format Version 12.00
# Visual Studio Version 17
VisualStudioVersion = 17.8.34309.116
MinimumVisualStudioVersion = 10.0.40219.1
Project("{FAE04EC0-301F-11D3-BF4B-00C04F79EFBC}") = "Template.MinimalApi.Extensions", "Template_Minimal_Api.Extensions\Template.MinimalApi.Extensions.csproj", "{8AD39ECC-76DF-48A9-8CF1-A531E98B9802}"
EndProject
Project("{FAE04EC0-301F-11D3-BF4B-00C04F79EFBC}") = "Template.MinimalApi.Tests", "Template_Minimal_Api.Tests\Template.MinimalApi.Tests.csproj", "{7FDEC13D-13AC-4615-B5A6-E95ABB70D443}"
EndProject
Project("{FAE04EC0-301F-11D3-BF4B-00C04F79EFBC}") = "Template.MinimalApi.API", "Template_Minimal_Api.API\Template.MinimalApi.API.csproj", "{B2010EF8-4ED9-463C-A9F8-0FE5D06492D5}"
EndProject
Global
	GlobalSection(SolutionConfigurationPlatforms) = preSolution
		Debug|Any CPU = Debug|Any CPU
		Release|Any CPU = Release|Any CPU
	EndGlobalSection
	GlobalSection(ProjectConfigurationPlatforms) = postSolution
		{8AD39ECC-76DF-48A9-8CF1-A531E98B9802}.Debug|Any CPU.ActiveCfg = Debug|Any CPU
		{8AD39ECC-76DF-48A9-8CF1-A531E98B9802}.Debug|Any CPU.Build.0 = Debug|Any CPU
		{8AD39ECC-76DF-48A9-8CF1-A531E98B9802}.Release|Any CPU.ActiveCfg = Release|Any CPU
		{8AD39ECC-76DF-48A9-8CF1-A531E98B9802}.Release|Any CPU.Build.0 = Release|Any CPU
		{7FDEC13D-13AC-4615-B5A6-E95ABB70D443}.Debug|Any CPU.ActiveCfg = Debug|Any CPU
		{7FDEC13D-13AC-4615-B5A6-E95ABB70D443}.Debug|Any CPU.Build.0 = Debug|Any CPU
		{7FDEC13D-13AC-4615-B5A6-E95ABB70D443}.Release|Any CPU.ActiveCfg = Release|Any CPU
		{7FDEC13D-13AC-4615-B5A6-E95ABB70D443}.Release|Any CPU.Build.0 = Release|Any CPU
		{B2010EF8-4ED9-463C-A9F8-0FE5D06492D5}.Debug|Any CPU.ActiveCfg = Debug|Any CPU
		{B2010EF8-4ED9-463C-A9F8-0FE5D06492D5}.Debug|Any CPU.Build.0 = Debug|Any CPU
		{B2010EF8-4ED9-463C-A9F8-0FE5D06492D5}.Release|Any CPU.ActiveCfg = Release|Any CPU
		{B2010EF8-4ED9-463C-A9F8-0FE5D06492D5}.Release|Any CPU.Build.0 = Release|Any CPU
	EndGlobalSection
	GlobalSection(SolutionProperties) = preSolution
		HideSolutionNode = FALSE
	EndGlobalSection
	GlobalSection(ExtensibilityGlobals) = postSolution
		SolutionGuid = {E3A17578-2A54-475F-ACEA-B57B207632AE}
	EndGlobalSection
EndGlobal
